
Microsoft Visual Studio Solution File, Format Version 12.00
Project("{FAE04EC0-301F-11D3-BF4B-00C04F79EFBC}") = "WebAppTemplate", "WebAppTemplate\WebAppTemplate.csproj", "{BB4E880C-D4E0-4D88-B0FA-1D9BF2AAEAE2}"
EndProject
Global
	GlobalSection(SolutionConfigurationPlatforms) = preSolution
		Debug|Any CPU = Debug|Any CPU
		Release|Any CPU = Release|Any CPU
	EndGlobalSection
	GlobalSection(ProjectConfigurationPlatforms) = postSolution
		{BB4E880C-D4E0-4D88-B0FA-1D9BF2AAEAE2}.Debug|Any CPU.ActiveCfg = Debug|Any CPU
		{BB4E880C-D4E0-4D88-B0FA-1D9BF2AAEAE2}.Debug|Any CPU.Build.0 = Debug|Any CPU
		{BB4E880C-D4E0-4D88-B0FA-1D9BF2AAEAE2}.Release|Any CPU.ActiveCfg = Release|Any CPU
		{BB4E880C-D4E0-4D88-B0FA-1D9BF2AAEAE2}.Release|Any CPU.Build.0 = Release|Any CPU
	EndGlobalSection
EndGlobal
